
Microsoft Visual Studio Solution File, Format Version 12.00
# Visual Studio Version 16
VisualStudioVersion = 16.0.30204.135
MinimumVisualStudioVersion = 10.0.40219.1
Project("{9A19103F-16F7-4668-BE54-9A1E7A4F7556}") = "OrderMate_Server", "OrderMate_Server\OrderMate_Server.csproj", "{3DACF239-E369-4CDD-830E-3E8D2644F2C8}"
EndProject
Project("{9A19103F-16F7-4668-BE54-9A1E7A4F7556}") = "Contacts", "Contacts\Contacts.csproj", "{11FC455E-5481-44AA-934D-CAED1459CB1B}"
EndProject
Project("{9A19103F-16F7-4668-BE54-9A1E7A4F7556}") = "LoggerService", "LoggerService\LoggerService.csproj", "{D3DBFE1A-1457-4024-B100-B48CBB12464B}"
EndProject
Project("{FAE04EC0-301F-11D3-BF4B-00C04F79EFBC}") = "Entities", "Entities\Entities.csproj", "{4553CF75-F7B3-4D75-82AA-EB3CF402F4B1}"
EndProject
Project("{FAE04EC0-301F-11D3-BF4B-00C04F79EFBC}") = "Repository", "Repository\Repository.csproj", "{A8E6EFCD-3345-404C-972A-5D6A5C4BCC42}"
EndProject
Global
	GlobalSection(SolutionConfigurationPlatforms) = preSolution
		Debug|Any CPU = Debug|Any CPU
		Release|Any CPU = Release|Any CPU
	EndGlobalSection
	GlobalSection(ProjectConfigurationPlatforms) = postSolution
		{3DACF239-E369-4CDD-830E-3E8D2644F2C8}.Debug|Any CPU.ActiveCfg = Debug|Any CPU
		{3DACF239-E369-4CDD-830E-3E8D2644F2C8}.Debug|Any CPU.Build.0 = Debug|Any CPU
		{3DACF239-E369-4CDD-830E-3E8D2644F2C8}.Release|Any CPU.ActiveCfg = Release|Any CPU
		{3DACF239-E369-4CDD-830E-3E8D2644F2C8}.Release|Any CPU.Build.0 = Release|Any CPU
		{11FC455E-5481-44AA-934D-CAED1459CB1B}.Debug|Any CPU.ActiveCfg = Debug|Any CPU
		{11FC455E-5481-44AA-934D-CAED1459CB1B}.Debug|Any CPU.Build.0 = Debug|Any CPU
		{11FC455E-5481-44AA-934D-CAED1459CB1B}.Release|Any CPU.ActiveCfg = Release|Any CPU
		{11FC455E-5481-44AA-934D-CAED1459CB1B}.Release|Any CPU.Build.0 = Release|Any CPU
		{D3DBFE1A-1457-4024-B100-B48CBB12464B}.Debug|Any CPU.ActiveCfg = Debug|Any CPU
		{D3DBFE1A-1457-4024-B100-B48CBB12464B}.Debug|Any CPU.Build.0 = Debug|Any CPU
		{D3DBFE1A-1457-4024-B100-B48CBB12464B}.Release|Any CPU.ActiveCfg = Release|Any CPU
		{D3DBFE1A-1457-4024-B100-B48CBB12464B}.Release|Any CPU.Build.0 = Release|Any CPU
		{4553CF75-F7B3-4D75-82AA-EB3CF402F4B1}.Debug|Any CPU.ActiveCfg = Debug|Any CPU
		{4553CF75-F7B3-4D75-82AA-EB3CF402F4B1}.Debug|Any CPU.Build.0 = Debug|Any CPU
		{4553CF75-F7B3-4D75-82AA-EB3CF402F4B1}.Release|Any CPU.ActiveCfg = Release|Any CPU
		{4553CF75-F7B3-4D75-82AA-EB3CF402F4B1}.Release|Any CPU.Build.0 = Release|Any CPU
		{A8E6EFCD-3345-404C-972A-5D6A5C4BCC42}.Debug|Any CPU.ActiveCfg = Debug|Any CPU
		{A8E6EFCD-3345-404C-972A-5D6A5C4BCC42}.Debug|Any CPU.Build.0 = Debug|Any CPU
		{A8E6EFCD-3345-404C-972A-5D6A5C4BCC42}.Release|Any CPU.ActiveCfg = Release|Any CPU
		{A8E6EFCD-3345-404C-972A-5D6A5C4BCC42}.Release|Any CPU.Build.0 = Release|Any CPU
	EndGlobalSection
	GlobalSection(SolutionProperties) = preSolution
		HideSolutionNode = FALSE
	EndGlobalSection
	GlobalSection(ExtensibilityGlobals) = postSolution
		SolutionGuid = {2C396A6B-90A3-4DDD-B842-3BAD3377CAF2}
	EndGlobalSection
EndGlobal
